
Microsoft Visual Studio Solution File, Format Version 12.00
# Visual Studio 15
VisualStudioVersion = 15.0.27428.2005
MinimumVisualStudioVersion = 10.0.40219.1
Project("{FAE04EC0-301F-11D3-BF4B-00C04F79EFBC}") = "MiniProjekt", "MiniProjekt\MiniProjekt.csproj", "{4E13BB60-88CB-49EA-8925-CBC7FA4CE951}"
EndProject
Global
	GlobalSection(SolutionConfigurationPlatforms) = preSolution
		Debug|Any CPU = Debug|Any CPU
		Release|Any CPU = Release|Any CPU
	EndGlobalSection
	GlobalSection(ProjectConfigurationPlatforms) = postSolution
		{4E13BB60-88CB-49EA-8925-CBC7FA4CE951}.Debug|Any CPU.ActiveCfg = Debug|Any CPU
		{4E13BB60-88CB-49EA-8925-CBC7FA4CE951}.Debug|Any CPU.Build.0 = Debug|Any CPU
		{4E13BB60-88CB-49EA-8925-CBC7FA4CE951}.Release|Any CPU.ActiveCfg = Release|Any CPU
		{4E13BB60-88CB-49EA-8925-CBC7FA4CE951}.Release|Any CPU.Build.0 = Release|Any CPU
	EndGlobalSection
	GlobalSection(SolutionProperties) = preSolution
		HideSolutionNode = FALSE
	EndGlobalSection
	GlobalSection(ExtensibilityGlobals) = postSolution
		SolutionGuid = {3C6B6ED5-96A0-4000-A327-06E433639B9D}
	EndGlobalSection
EndGlobal
