
Microsoft Visual Studio Solution File, Format Version 12.00
# Visual Studio 15
VisualStudioVersion = 15.0.27130.2027
MinimumVisualStudioVersion = 10.0.40219.1
Project("{FAE04EC0-301F-11D3-BF4B-00C04F79EFBC}") = "forelæsning 5", "forelæsning 5\forelæsning 5.csproj", "{1063D7FF-C13D-46A7-8B3E-BB7FC1B8AAD9}"
EndProject
Global
	GlobalSection(SolutionConfigurationPlatforms) = preSolution
		Debug|Any CPU = Debug|Any CPU
		Release|Any CPU = Release|Any CPU
	EndGlobalSection
	GlobalSection(ProjectConfigurationPlatforms) = postSolution
		{1063D7FF-C13D-46A7-8B3E-BB7FC1B8AAD9}.Debug|Any CPU.ActiveCfg = Debug|Any CPU
		{1063D7FF-C13D-46A7-8B3E-BB7FC1B8AAD9}.Debug|Any CPU.Build.0 = Debug|Any CPU
		{1063D7FF-C13D-46A7-8B3E-BB7FC1B8AAD9}.Release|Any CPU.ActiveCfg = Release|Any CPU
		{1063D7FF-C13D-46A7-8B3E-BB7FC1B8AAD9}.Release|Any CPU.Build.0 = Release|Any CPU
	EndGlobalSection
	GlobalSection(SolutionProperties) = preSolution
		HideSolutionNode = FALSE
	EndGlobalSection
	GlobalSection(ExtensibilityGlobals) = postSolution
		SolutionGuid = {BA67EAEC-32B4-4876-8E04-BA4368F31BF8}
	EndGlobalSection
EndGlobal
